// !$*UTF8*$!
{
	archiveVersion = 1;
	classes = {
	};
	objectVersion = 56;
	objects = {

/* Begin PBXBuildFile section */
		598A03372A9F52800076B6DB /* AppDelegate.swift in Sources */ = {isa = PBXBuildFile; fileRef = 598A03362A9F52800076B6DB /* AppDelegate.swift */; };
		598A03392A9F52800076B6DB /* SceneDelegate.swift in Sources */ = {isa = PBXBuildFile; fileRef = 598A03382A9F52800076B6DB /* SceneDelegate.swift */; };
		598A033B2A9F52800076B6DB /* ViewController.swift in Sources */ = {isa = PBXBuildFile; fileRef = 598A033A2A9F52800076B6DB /* ViewController.swift */; };
		598A033E2A9F52800076B6DB /* Main.storyboard in Resources */ = {isa = PBXBuildFile; fileRef = 598A033C2A9F52800076B6DB /* Main.storyboard */; };
		598A03402A9F52820076B6DB /* Assets.xcassets in Resources */ = {isa = PBXBuildFile; fileRef = 598A033F2A9F52820076B6DB /* Assets.xcassets */; };
		598A03432A9F52820076B6DB /* LaunchScreen.storyboard in Resources */ = {isa = PBXBuildFile; fileRef = 598A03412A9F52820076B6DB /* LaunchScreen.storyboard */; };
		598A034E2A9F52820076B6DB /* WeatherOrNotTests.swift in Sources */ = {isa = PBXBuildFile; fileRef = 598A034D2A9F52820076B6DB /* WeatherOrNotTests.swift */; };
		598A03582A9F52820076B6DB /* WeatherOrNotUITests.swift in Sources */ = {isa = PBXBuildFile; fileRef = 598A03572A9F52820076B6DB /* WeatherOrNotUITests.swift */; };
		598A035A2A9F52820076B6DB /* WeatherOrNotUITestsLaunchTests.swift in Sources */ = {isa = PBXBuildFile; fileRef = 598A03592A9F52820076B6DB /* WeatherOrNotUITestsLaunchTests.swift */; };
		59A5F8722A9F576A00CF28E2 /* UIColor.swift in Sources */ = {isa = PBXBuildFile; fileRef = 59A5F8712A9F576A00CF28E2 /* UIColor.swift */; };
		59A5F87C2A9F5B8100CF28E2 /* WeatherViewController.swift in Sources */ = {isa = PBXBuildFile; fileRef = 59A5F87A2A9F5B8100CF28E2 /* WeatherViewController.swift */; };
		59A5F87D2A9F5B8100CF28E2 /* WeatherViewController.xib in Resources */ = {isa = PBXBuildFile; fileRef = 59A5F87B2A9F5B8100CF28E2 /* WeatherViewController.xib */; };
		59A5F88A2A9F5C0300CF28E2 /* WeatherInteractor.swift in Sources */ = {isa = PBXBuildFile; fileRef = 59A5F8862A9F5C0300CF28E2 /* WeatherInteractor.swift */; };
		59A5F88B2A9F5C0300CF28E2 /* WeatherRouter.swift in Sources */ = {isa = PBXBuildFile; fileRef = 59A5F8872A9F5C0300CF28E2 /* WeatherRouter.swift */; };
		59A5F88C2A9F5C0300CF28E2 /* WeatherPresenter.swift in Sources */ = {isa = PBXBuildFile; fileRef = 59A5F8882A9F5C0300CF28E2 /* WeatherPresenter.swift */; };
		59A5F88E2A9F5E6000CF28E2 /* WeatherInteractorProtocol.swift in Sources */ = {isa = PBXBuildFile; fileRef = 59A5F88D2A9F5E6000CF28E2 /* WeatherInteractorProtocol.swift */; };
		59A5F8902A9F5E8A00CF28E2 /* WeatherPresenterProtocol.swift in Sources */ = {isa = PBXBuildFile; fileRef = 59A5F88F2A9F5E8A00CF28E2 /* WeatherPresenterProtocol.swift */; };
		59A5F8922A9F5EBD00CF28E2 /* WeatherRouterProtocol.swift in Sources */ = {isa = PBXBuildFile; fileRef = 59A5F8912A9F5EBD00CF28E2 /* WeatherRouterProtocol.swift */; };
/* End PBXBuildFile section */

/* Begin PBXContainerItemProxy section */
		598A034A2A9F52820076B6DB /* PBXContainerItemProxy */ = {
			isa = PBXContainerItemProxy;
			containerPortal = 598A032B2A9F52800076B6DB /* Project object */;
			proxyType = 1;
			remoteGlobalIDString = 598A03322A9F52800076B6DB;
			remoteInfo = WeatherOrNot;
		};
		598A03542A9F52820076B6DB /* PBXContainerItemProxy */ = {
			isa = PBXContainerItemProxy;
			containerPortal = 598A032B2A9F52800076B6DB /* Project object */;
			proxyType = 1;
			remoteGlobalIDString = 598A03322A9F52800076B6DB;
			remoteInfo = WeatherOrNot;
		};
/* End PBXContainerItemProxy section */

/* Begin PBXFileReference section */
		598A03332A9F52800076B6DB /* WeatherOrNot.app */ = {isa = PBXFileReference; explicitFileType = wrapper.application; includeInIndex = 0; path = WeatherOrNot.app; sourceTree = BUILT_PRODUCTS_DIR; };
		598A03362A9F52800076B6DB /* AppDelegate.swift */ = {isa = PBXFileReference; lastKnownFileType = sourcecode.swift; path = AppDelegate.swift; sourceTree = "<group>"; };
		598A03382A9F52800076B6DB /* SceneDelegate.swift */ = {isa = PBXFileReference; lastKnownFileType = sourcecode.swift; path = SceneDelegate.swift; sourceTree = "<group>"; };
		598A033A2A9F52800076B6DB /* ViewController.swift */ = {isa = PBXFileReference; lastKnownFileType = sourcecode.swift; path = ViewController.swift; sourceTree = "<group>"; };
		598A033D2A9F52800076B6DB /* Base */ = {isa = PBXFileReference; lastKnownFileType = file.storyboard; name = Base; path = Base.lproj/Main.storyboard; sourceTree = "<group>"; };
		598A033F2A9F52820076B6DB /* Assets.xcassets */ = {isa = PBXFileReference; lastKnownFileType = folder.assetcatalog; path = Assets.xcassets; sourceTree = "<group>"; };
		598A03422A9F52820076B6DB /* Base */ = {isa = PBXFileReference; lastKnownFileType = file.storyboard; name = Base; path = Base.lproj/LaunchScreen.storyboard; sourceTree = "<group>"; };
		598A03442A9F52820076B6DB /* Info.plist */ = {isa = PBXFileReference; lastKnownFileType = text.plist.xml; path = Info.plist; sourceTree = "<group>"; };
		598A03492A9F52820076B6DB /* WeatherOrNotTests.xctest */ = {isa = PBXFileReference; explicitFileType = wrapper.cfbundle; includeInIndex = 0; path = WeatherOrNotTests.xctest; sourceTree = BUILT_PRODUCTS_DIR; };
		598A034D2A9F52820076B6DB /* WeatherOrNotTests.swift */ = {isa = PBXFileReference; lastKnownFileType = sourcecode.swift; path = WeatherOrNotTests.swift; sourceTree = "<group>"; };
		598A03532A9F52820076B6DB /* WeatherOrNotUITests.xctest */ = {isa = PBXFileReference; explicitFileType = wrapper.cfbundle; includeInIndex = 0; path = WeatherOrNotUITests.xctest; sourceTree = BUILT_PRODUCTS_DIR; };
		598A03572A9F52820076B6DB /* WeatherOrNotUITests.swift */ = {isa = PBXFileReference; lastKnownFileType = sourcecode.swift; path = WeatherOrNotUITests.swift; sourceTree = "<group>"; };
		598A03592A9F52820076B6DB /* WeatherOrNotUITestsLaunchTests.swift */ = {isa = PBXFileReference; lastKnownFileType = sourcecode.swift; path = WeatherOrNotUITestsLaunchTests.swift; sourceTree = "<group>"; };
		59A5F8712A9F576A00CF28E2 /* UIColor.swift */ = {isa = PBXFileReference; lastKnownFileType = sourcecode.swift; path = UIColor.swift; sourceTree = "<group>"; };
		59A5F87A2A9F5B8100CF28E2 /* WeatherViewController.swift */ = {isa = PBXFileReference; lastKnownFileType = sourcecode.swift; path = WeatherViewController.swift; sourceTree = "<group>"; };
		59A5F87B2A9F5B8100CF28E2 /* WeatherViewController.xib */ = {isa = PBXFileReference; lastKnownFileType = file.xib; path = WeatherViewController.xib; sourceTree = "<group>"; };
		59A5F8862A9F5C0300CF28E2 /* WeatherInteractor.swift */ = {isa = PBXFileReference; fileEncoding = 4; lastKnownFileType = sourcecode.swift; name = WeatherInteractor.swift; path = WeatherOrNot/Modules/Weather/Interactor/WeatherInteractor.swift; sourceTree = SOURCE_ROOT; };
		59A5F8872A9F5C0300CF28E2 /* WeatherRouter.swift */ = {isa = PBXFileReference; fileEncoding = 4; lastKnownFileType = sourcecode.swift; name = WeatherRouter.swift; path = WeatherOrNot/Modules/Weather/Router/WeatherRouter.swift; sourceTree = SOURCE_ROOT; };
		59A5F8882A9F5C0300CF28E2 /* WeatherPresenter.swift */ = {isa = PBXFileReference; fileEncoding = 4; lastKnownFileType = sourcecode.swift; name = WeatherPresenter.swift; path = WeatherOrNot/Modules/Weather/Presenter/WeatherPresenter.swift; sourceTree = SOURCE_ROOT; };
		59A5F88D2A9F5E6000CF28E2 /* WeatherInteractorProtocol.swift */ = {isa = PBXFileReference; lastKnownFileType = sourcecode.swift; path = WeatherInteractorProtocol.swift; sourceTree = "<group>"; };
		59A5F88F2A9F5E8A00CF28E2 /* WeatherPresenterProtocol.swift */ = {isa = PBXFileReference; lastKnownFileType = sourcecode.swift; path = WeatherPresenterProtocol.swift; sourceTree = "<group>"; };
		59A5F8912A9F5EBD00CF28E2 /* WeatherRouterProtocol.swift */ = {isa = PBXFileReference; lastKnownFileType = sourcecode.swift; path = WeatherRouterProtocol.swift; sourceTree = "<group>"; };
/* End PBXFileReference section */

/* Begin PBXFrameworksBuildPhase section */
		598A03302A9F52800076B6DB /* Frameworks */ = {
			isa = PBXFrameworksBuildPhase;
			buildActionMask = 2147483647;
			files = (
			);
			runOnlyForDeploymentPostprocessing = 0;
		};
		598A03462A9F52820076B6DB /* Frameworks */ = {
			isa = PBXFrameworksBuildPhase;
			buildActionMask = 2147483647;
			files = (
			);
			runOnlyForDeploymentPostprocessing = 0;
		};
		598A03502A9F52820076B6DB /* Frameworks */ = {
			isa = PBXFrameworksBuildPhase;
			buildActionMask = 2147483647;
			files = (
			);
			runOnlyForDeploymentPostprocessing = 0;
		};
/* End PBXFrameworksBuildPhase section */

/* Begin PBXGroup section */
		598A032A2A9F52800076B6DB = {
			isa = PBXGroup;
			children = (
				598A03352A9F52800076B6DB /* WeatherOrNot */,
				598A034C2A9F52820076B6DB /* WeatherOrNotTests */,
				598A03562A9F52820076B6DB /* WeatherOrNotUITests */,
				598A03342A9F52800076B6DB /* Products */,
			);
			sourceTree = "<group>";
		};
		598A03342A9F52800076B6DB /* Products */ = {
			isa = PBXGroup;
			children = (
				598A03332A9F52800076B6DB /* WeatherOrNot.app */,
				598A03492A9F52820076B6DB /* WeatherOrNotTests.xctest */,
				598A03532A9F52820076B6DB /* WeatherOrNotUITests.xctest */,
			);
			name = Products;
			sourceTree = "<group>";
		};
		598A03352A9F52800076B6DB /* WeatherOrNot */ = {
			isa = PBXGroup;
			children = (
				59A5F8702A9F572F00CF28E2 /* Extensions */,
				59A5F86F2A9F571100CF28E2 /* Modules */,
				59A5F86E2A9F56EF00CF28E2 /* AppDelegate */,
				598A033A2A9F52800076B6DB /* ViewController.swift */,
				598A033C2A9F52800076B6DB /* Main.storyboard */,
				598A033F2A9F52820076B6DB /* Assets.xcassets */,
				598A03412A9F52820076B6DB /* LaunchScreen.storyboard */,
				598A03442A9F52820076B6DB /* Info.plist */,
			);
			path = WeatherOrNot;
			sourceTree = "<group>";
		};
		598A034C2A9F52820076B6DB /* WeatherOrNotTests */ = {
			isa = PBXGroup;
			children = (
				598A034D2A9F52820076B6DB /* WeatherOrNotTests.swift */,
			);
			path = WeatherOrNotTests;
			sourceTree = "<group>";
		};
		598A03562A9F52820076B6DB /* WeatherOrNotUITests */ = {
			isa = PBXGroup;
			children = (
				598A03572A9F52820076B6DB /* WeatherOrNotUITests.swift */,
				598A03592A9F52820076B6DB /* WeatherOrNotUITestsLaunchTests.swift */,
			);
			path = WeatherOrNotUITests;
			sourceTree = "<group>";
		};
		59A5F86E2A9F56EF00CF28E2 /* AppDelegate */ = {
			isa = PBXGroup;
			children = (
				598A03362A9F52800076B6DB /* AppDelegate.swift */,
				598A03382A9F52800076B6DB /* SceneDelegate.swift */,
			);
			path = AppDelegate;
			sourceTree = "<group>";
		};
		59A5F86F2A9F571100CF28E2 /* Modules */ = {
			isa = PBXGroup;
			children = (
				59A5F8752A9F5A9E00CF28E2 /* Weather */,
			);
			path = Modules;
			sourceTree = "<group>";
		};
		59A5F8702A9F572F00CF28E2 /* Extensions */ = {
			isa = PBXGroup;
			children = (
				59A5F8712A9F576A00CF28E2 /* UIColor.swift */,
			);
			path = Extensions;
			sourceTree = "<group>";
		};
		59A5F8752A9F5A9E00CF28E2 /* Weather */ = {
			isa = PBXGroup;
			children = (
				59A5F8762A9F5AAB00CF28E2 /* View */,
				59A5F8772A9F5AB500CF28E2 /* Interactor */,
				59A5F8782A9F5AC200CF28E2 /* Presenter */,
				59A5F8792A9F5AD000CF28E2 /* Router */,
			);
			path = Weather;
			sourceTree = "<group>";
		};
		59A5F8762A9F5AAB00CF28E2 /* View */ = {
			isa = PBXGroup;
			children = (
				59A5F87A2A9F5B8100CF28E2 /* WeatherViewController.swift */,
				59A5F87B2A9F5B8100CF28E2 /* WeatherViewController.xib */,
			);
			path = View;
			sourceTree = "<group>";
		};
		59A5F8772A9F5AB500CF28E2 /* Interactor */ = {
			isa = PBXGroup;
			children = (
				59A5F88D2A9F5E6000CF28E2 /* WeatherInteractorProtocol.swift */,
				59A5F8862A9F5C0300CF28E2 /* WeatherInteractor.swift */,
			);
			path = Interactor;
			sourceTree = "<group>";
		};
		59A5F8782A9F5AC200CF28E2 /* Presenter */ = {
			isa = PBXGroup;
			children = (
				59A5F88F2A9F5E8A00CF28E2 /* WeatherPresenterProtocol.swift */,
				59A5F8882A9F5C0300CF28E2 /* WeatherPresenter.swift */,
			);
			path = Presenter;
			sourceTree = "<group>";
		};
		59A5F8792A9F5AD000CF28E2 /* Router */ = {
			isa = PBXGroup;
			children = (
				59A5F8912A9F5EBD00CF28E2 /* WeatherRouterProtocol.swift */,
				59A5F8872A9F5C0300CF28E2 /* WeatherRouter.swift */,
			);
			path = Router;
			sourceTree = "<group>";
		};
/* End PBXGroup section */

/* Begin PBXNativeTarget section */
		598A03322A9F52800076B6DB /* WeatherOrNot */ = {
			isa = PBXNativeTarget;
			buildConfigurationList = 598A035D2A9F52820076B6DB /* Build configuration list for PBXNativeTarget "WeatherOrNot" */;
			buildPhases = (
				598A032F2A9F52800076B6DB /* Sources */,
				598A03302A9F52800076B6DB /* Frameworks */,
				598A03312A9F52800076B6DB /* Resources */,
			);
			buildRules = (
			);
			dependencies = (
			);
			name = WeatherOrNot;
			productName = WeatherOrNot;
			productReference = 598A03332A9F52800076B6DB /* WeatherOrNot.app */;
			productType = "com.apple.product-type.application";
		};
		598A03482A9F52820076B6DB /* WeatherOrNotTests */ = {
			isa = PBXNativeTarget;
			buildConfigurationList = 598A03602A9F52820076B6DB /* Build configuration list for PBXNativeTarget "WeatherOrNotTests" */;
			buildPhases = (
				598A03452A9F52820076B6DB /* Sources */,
				598A03462A9F52820076B6DB /* Frameworks */,
				598A03472A9F52820076B6DB /* Resources */,
			);
			buildRules = (
			);
			dependencies = (
				598A034B2A9F52820076B6DB /* PBXTargetDependency */,
			);
			name = WeatherOrNotTests;
			productName = WeatherOrNotTests;
			productReference = 598A03492A9F52820076B6DB /* WeatherOrNotTests.xctest */;
			productType = "com.apple.product-type.bundle.unit-test";
		};
		598A03522A9F52820076B6DB /* WeatherOrNotUITests */ = {
			isa = PBXNativeTarget;
			buildConfigurationList = 598A03632A9F52820076B6DB /* Build configuration list for PBXNativeTarget "WeatherOrNotUITests" */;
			buildPhases = (
				598A034F2A9F52820076B6DB /* Sources */,
				598A03502A9F52820076B6DB /* Frameworks */,
				598A03512A9F52820076B6DB /* Resources */,
			);
			buildRules = (
			);
			dependencies = (
				598A03552A9F52820076B6DB /* PBXTargetDependency */,
			);
			name = WeatherOrNotUITests;
			productName = WeatherOrNotUITests;
			productReference = 598A03532A9F52820076B6DB /* WeatherOrNotUITests.xctest */;
			productType = "com.apple.product-type.bundle.ui-testing";
		};
/* End PBXNativeTarget section */

/* Begin PBXProject section */
		598A032B2A9F52800076B6DB /* Project object */ = {
			isa = PBXProject;
			attributes = {
				BuildIndependentTargetsInParallel = 1;
				LastSwiftUpdateCheck = 1420;
				LastUpgradeCheck = 1420;
				TargetAttributes = {
					598A03322A9F52800076B6DB = {
						CreatedOnToolsVersion = 14.2;
					};
					598A03482A9F52820076B6DB = {
						CreatedOnToolsVersion = 14.2;
						TestTargetID = 598A03322A9F52800076B6DB;
					};
					598A03522A9F52820076B6DB = {
						CreatedOnToolsVersion = 14.2;
						TestTargetID = 598A03322A9F52800076B6DB;
					};
				};
			};
			buildConfigurationList = 598A032E2A9F52800076B6DB /* Build configuration list for PBXProject "WeatherOrNot" */;
			compatibilityVersion = "Xcode 14.0";
			developmentRegion = en;
			hasScannedForEncodings = 0;
			knownRegions = (
				en,
				Base,
			);
			mainGroup = 598A032A2A9F52800076B6DB;
			productRefGroup = 598A03342A9F52800076B6DB /* Products */;
			projectDirPath = "";
			projectRoot = "";
			targets = (
				598A03322A9F52800076B6DB /* WeatherOrNot */,
				598A03482A9F52820076B6DB /* WeatherOrNotTests */,
				598A03522A9F52820076B6DB /* WeatherOrNotUITests */,
			);
		};
/* End PBXProject section */

/* Begin PBXResourcesBuildPhase section */
		598A03312A9F52800076B6DB /* Resources */ = {
			isa = PBXResourcesBuildPhase;
			buildActionMask = 2147483647;
			files = (
				598A03432A9F52820076B6DB /* LaunchScreen.storyboard in Resources */,
				59A5F87D2A9F5B8100CF28E2 /* WeatherViewController.xib in Resources */,
				598A03402A9F52820076B6DB /* Assets.xcassets in Resources */,
				598A033E2A9F52800076B6DB /* Main.storyboard in Resources */,
			);
			runOnlyForDeploymentPostprocessing = 0;
		};
		598A03472A9F52820076B6DB /* Resources */ = {
			isa = PBXResourcesBuildPhase;
			buildActionMask = 2147483647;
			files = (
			);
			runOnlyForDeploymentPostprocessing = 0;
		};
		598A03512A9F52820076B6DB /* Resources */ = {
			isa = PBXResourcesBuildPhase;
			buildActionMask = 2147483647;
			files = (
			);
			runOnlyForDeploymentPostprocessing = 0;
		};
/* End PBXResourcesBuildPhase section */

/* Begin PBXSourcesBuildPhase section */
		598A032F2A9F52800076B6DB /* Sources */ = {
			isa = PBXSourcesBuildPhase;
			buildActionMask = 2147483647;
			files = (
				598A033B2A9F52800076B6DB /* ViewController.swift in Sources */,
				59A5F8902A9F5E8A00CF28E2 /* WeatherPresenterProtocol.swift in Sources */,
				59A5F87C2A9F5B8100CF28E2 /* WeatherViewController.swift in Sources */,
				59A5F8722A9F576A00CF28E2 /* UIColor.swift in Sources */,
				598A03372A9F52800076B6DB /* AppDelegate.swift in Sources */,
				59A5F88C2A9F5C0300CF28E2 /* WeatherPresenter.swift in Sources */,
				59A5F88B2A9F5C0300CF28E2 /* WeatherRouter.swift in Sources */,
				59A5F88A2A9F5C0300CF28E2 /* WeatherInteractor.swift in Sources */,
				59A5F88E2A9F5E6000CF28E2 /* WeatherInteractorProtocol.swift in Sources */,
				59A5F8922A9F5EBD00CF28E2 /* WeatherRouterProtocol.swift in Sources */,
				598A03392A9F52800076B6DB /* SceneDelegate.swift in Sources */,
			);
			runOnlyForDeploymentPostprocessing = 0;
		};
		598A03452A9F52820076B6DB /* Sources */ = {
			isa = PBXSourcesBuildPhase;
			buildActionMask = 2147483647;
			files = (
				598A034E2A9F52820076B6DB /* WeatherOrNotTests.swift in Sources */,
			);
			runOnlyForDeploymentPostprocessing = 0;
		};
		598A034F2A9F52820076B6DB /* Sources */ = {
			isa = PBXSourcesBuildPhase;
			buildActionMask = 2147483647;
			files = (
				598A035A2A9F52820076B6DB /* WeatherOrNotUITestsLaunchTests.swift in Sources */,
				598A03582A9F52820076B6DB /* WeatherOrNotUITests.swift in Sources */,
			);
			runOnlyForDeploymentPostprocessing = 0;
		};
/* End PBXSourcesBuildPhase section */

/* Begin PBXTargetDependency section */
		598A034B2A9F52820076B6DB /* PBXTargetDependency */ = {
			isa = PBXTargetDependency;
			target = 598A03322A9F52800076B6DB /* WeatherOrNot */;
			targetProxy = 598A034A2A9F52820076B6DB /* PBXContainerItemProxy */;
		};
		598A03552A9F52820076B6DB /* PBXTargetDependency */ = {
			isa = PBXTargetDependency;
			target = 598A03322A9F52800076B6DB /* WeatherOrNot */;
			targetProxy = 598A03542A9F52820076B6DB /* PBXContainerItemProxy */;
		};
/* End PBXTargetDependency section */

/* Begin PBXVariantGroup section */
		598A033C2A9F52800076B6DB /* Main.storyboard */ = {
			isa = PBXVariantGroup;
			children = (
				598A033D2A9F52800076B6DB /* Base */,
			);
			name = Main.storyboard;
			sourceTree = "<group>";
		};
		598A03412A9F52820076B6DB /* LaunchScreen.storyboard */ = {
			isa = PBXVariantGroup;
			children = (
				598A03422A9F52820076B6DB /* Base */,
			);
			name = LaunchScreen.storyboard;
			sourceTree = "<group>";
		};
/* End PBXVariantGroup section */

/* Begin XCBuildConfiguration section */
		598A035B2A9F52820076B6DB /* Debug */ = {
			isa = XCBuildConfiguration;
			buildSettings = {
				ALWAYS_SEARCH_USER_PATHS = NO;
				CLANG_ANALYZER_NONNULL = YES;
				CLANG_ANALYZER_NUMBER_OBJECT_CONVERSION = YES_AGGRESSIVE;
				CLANG_CXX_LANGUAGE_STANDARD = "gnu++20";
				CLANG_ENABLE_MODULES = YES;
				CLANG_ENABLE_OBJC_ARC = YES;
				CLANG_ENABLE_OBJC_WEAK = YES;
				CLANG_WARN_BLOCK_CAPTURE_AUTORELEASING = YES;
				CLANG_WARN_BOOL_CONVERSION = YES;
				CLANG_WARN_COMMA = YES;
				CLANG_WARN_CONSTANT_CONVERSION = YES;
				CLANG_WARN_DEPRECATED_OBJC_IMPLEMENTATIONS = YES;
				CLANG_WARN_DIRECT_OBJC_ISA_USAGE = YES_ERROR;
				CLANG_WARN_DOCUMENTATION_COMMENTS = YES;
				CLANG_WARN_EMPTY_BODY = YES;
				CLANG_WARN_ENUM_CONVERSION = YES;
				CLANG_WARN_INFINITE_RECURSION = YES;
				CLANG_WARN_INT_CONVERSION = YES;
				CLANG_WARN_NON_LITERAL_NULL_CONVERSION = YES;
				CLANG_WARN_OBJC_IMPLICIT_RETAIN_SELF = YES;
				CLANG_WARN_OBJC_LITERAL_CONVERSION = YES;
				CLANG_WARN_OBJC_ROOT_CLASS = YES_ERROR;
				CLANG_WARN_QUOTED_INCLUDE_IN_FRAMEWORK_HEADER = YES;
				CLANG_WARN_RANGE_LOOP_ANALYSIS = YES;
				CLANG_WARN_STRICT_PROTOTYPES = YES;
				CLANG_WARN_SUSPICIOUS_MOVE = YES;
				CLANG_WARN_UNGUARDED_AVAILABILITY = YES_AGGRESSIVE;
				CLANG_WARN_UNREACHABLE_CODE = YES;
				CLANG_WARN__DUPLICATE_METHOD_MATCH = YES;
				COPY_PHASE_STRIP = NO;
				DEBUG_INFORMATION_FORMAT = dwarf;
				ENABLE_STRICT_OBJC_MSGSEND = YES;
				ENABLE_TESTABILITY = YES;
				GCC_C_LANGUAGE_STANDARD = gnu11;
				GCC_DYNAMIC_NO_PIC = NO;
				GCC_NO_COMMON_BLOCKS = YES;
				GCC_OPTIMIZATION_LEVEL = 0;
				GCC_PREPROCESSOR_DEFINITIONS = (
					"DEBUG=1",
					"$(inherited)",
				);
				GCC_WARN_64_TO_32_BIT_CONVERSION = YES;
				GCC_WARN_ABOUT_RETURN_TYPE = YES_ERROR;
				GCC_WARN_UNDECLARED_SELECTOR = YES;
				GCC_WARN_UNINITIALIZED_AUTOS = YES_AGGRESSIVE;
				GCC_WARN_UNUSED_FUNCTION = YES;
				GCC_WARN_UNUSED_VARIABLE = YES;
				IPHONEOS_DEPLOYMENT_TARGET = 16.2;
				MTL_ENABLE_DEBUG_INFO = INCLUDE_SOURCE;
				MTL_FAST_MATH = YES;
				ONLY_ACTIVE_ARCH = YES;
				SDKROOT = iphoneos;
				SWIFT_ACTIVE_COMPILATION_CONDITIONS = DEBUG;
				SWIFT_OPTIMIZATION_LEVEL = "-Onone";
			};
			name = Debug;
		};
		598A035C2A9F52820076B6DB /* Release */ = {
			isa = XCBuildConfiguration;
			buildSettings = {
				ALWAYS_SEARCH_USER_PATHS = NO;
				CLANG_ANALYZER_NONNULL = YES;
				CLANG_ANALYZER_NUMBER_OBJECT_CONVERSION = YES_AGGRESSIVE;
				CLANG_CXX_LANGUAGE_STANDARD = "gnu++20";
				CLANG_ENABLE_MODULES = YES;
				CLANG_ENABLE_OBJC_ARC = YES;
				CLANG_ENABLE_OBJC_WEAK = YES;
				CLANG_WARN_BLOCK_CAPTURE_AUTORELEASING = YES;
				CLANG_WARN_BOOL_CONVERSION = YES;
				CLANG_WARN_COMMA = YES;
				CLANG_WARN_CONSTANT_CONVERSION = YES;
				CLANG_WARN_DEPRECATED_OBJC_IMPLEMENTATIONS = YES;
				CLANG_WARN_DIRECT_OBJC_ISA_USAGE = YES_ERROR;
				CLANG_WARN_DOCUMENTATION_COMMENTS = YES;
				CLANG_WARN_EMPTY_BODY = YES;
				CLANG_WARN_ENUM_CONVERSION = YES;
				CLANG_WARN_INFINITE_RECURSION = YES;
				CLANG_WARN_INT_CONVERSION = YES;
				CLANG_WARN_NON_LITERAL_NULL_CONVERSION = YES;
				CLANG_WARN_OBJC_IMPLICIT_RETAIN_SELF = YES;
				CLANG_WARN_OBJC_LITERAL_CONVERSION = YES;
				CLANG_WARN_OBJC_ROOT_CLASS = YES_ERROR;
				CLANG_WARN_QUOTED_INCLUDE_IN_FRAMEWORK_HEADER = YES;
				CLANG_WARN_RANGE_LOOP_ANALYSIS = YES;
				CLANG_WARN_STRICT_PROTOTYPES = YES;
				CLANG_WARN_SUSPICIOUS_MOVE = YES;
				CLANG_WARN_UNGUARDED_AVAILABILITY = YES_AGGRESSIVE;
				CLANG_WARN_UNREACHABLE_CODE = YES;
				CLANG_WARN__DUPLICATE_METHOD_MATCH = YES;
				COPY_PHASE_STRIP = NO;
				DEBUG_INFORMATION_FORMAT = "dwarf-with-dsym";
				ENABLE_NS_ASSERTIONS = NO;
				ENABLE_STRICT_OBJC_MSGSEND = YES;
				GCC_C_LANGUAGE_STANDARD = gnu11;
				GCC_NO_COMMON_BLOCKS = YES;
				GCC_WARN_64_TO_32_BIT_CONVERSION = YES;
				GCC_WARN_ABOUT_RETURN_TYPE = YES_ERROR;
				GCC_WARN_UNDECLARED_SELECTOR = YES;
				GCC_WARN_UNINITIALIZED_AUTOS = YES_AGGRESSIVE;
				GCC_WARN_UNUSED_FUNCTION = YES;
				GCC_WARN_UNUSED_VARIABLE = YES;
				IPHONEOS_DEPLOYMENT_TARGET = 16.2;
				MTL_ENABLE_DEBUG_INFO = NO;
				MTL_FAST_MATH = YES;
				SDKROOT = iphoneos;
				SWIFT_COMPILATION_MODE = wholemodule;
				SWIFT_OPTIMIZATION_LEVEL = "-O";
				VALIDATE_PRODUCT = YES;
			};
			name = Release;
		};
		598A035E2A9F52820076B6DB /* Debug */ = {
			isa = XCBuildConfiguration;
			buildSettings = {
				ASSETCATALOG_COMPILER_APPICON_NAME = AppIcon;
				ASSETCATALOG_COMPILER_GLOBAL_ACCENT_COLOR_NAME = AccentColor;
				CODE_SIGN_STYLE = Automatic;
				CURRENT_PROJECT_VERSION = 1;
				GENERATE_INFOPLIST_FILE = YES;
				INFOPLIST_FILE = WeatherOrNot/Info.plist;
				INFOPLIST_KEY_UIApplicationSupportsIndirectInputEvents = YES;
				INFOPLIST_KEY_UILaunchStoryboardName = LaunchScreen;
				INFOPLIST_KEY_UIMainStoryboardFile = Main;
				INFOPLIST_KEY_UISupportedInterfaceOrientations_iPad = "UIInterfaceOrientationPortrait UIInterfaceOrientationPortraitUpsideDown UIInterfaceOrientationLandscapeLeft UIInterfaceOrientationLandscapeRight";
				INFOPLIST_KEY_UISupportedInterfaceOrientations_iPhone = "UIInterfaceOrientationPortrait UIInterfaceOrientationLandscapeLeft UIInterfaceOrientationLandscapeRight";
				LD_RUNPATH_SEARCH_PATHS = (
					"$(inherited)",
					"@executable_path/Frameworks",
				);
				MARKETING_VERSION = 1.0;
				PRODUCT_BUNDLE_IDENTIFIER = za.WeatherOrNot;
				PRODUCT_NAME = "$(TARGET_NAME)";
				SWIFT_EMIT_LOC_STRINGS = YES;
				SWIFT_VERSION = 5.0;
				TARGETED_DEVICE_FAMILY = "1,2";
			};
			name = Debug;
		};
		598A035F2A9F52820076B6DB /* Release */ = {
			isa = XCBuildConfiguration;
			buildSettings = {
				ASSETCATALOG_COMPILER_APPICON_NAME = AppIcon;
				ASSETCATALOG_COMPILER_GLOBAL_ACCENT_COLOR_NAME = AccentColor;
				CODE_SIGN_STYLE = Automatic;
				CURRENT_PROJECT_VERSION = 1;
				GENERATE_INFOPLIST_FILE = YES;
				INFOPLIST_FILE = WeatherOrNot/Info.plist;
				INFOPLIST_KEY_UIApplicationSupportsIndirectInputEvents = YES;
				INFOPLIST_KEY_UILaunchStoryboardName = LaunchScreen;
				INFOPLIST_KEY_UIMainStoryboardFile = Main;
				INFOPLIST_KEY_UISupportedInterfaceOrientations_iPad = "UIInterfaceOrientationPortrait UIInterfaceOrientationPortraitUpsideDown UIInterfaceOrientationLandscapeLeft UIInterfaceOrientationLandscapeRight";
				INFOPLIST_KEY_UISupportedInterfaceOrientations_iPhone = "UIInterfaceOrientationPortrait UIInterfaceOrientationLandscapeLeft UIInterfaceOrientationLandscapeRight";
				LD_RUNPATH_SEARCH_PATHS = (
					"$(inherited)",
					"@executable_path/Frameworks",
				);
				MARKETING_VERSION = 1.0;
				PRODUCT_BUNDLE_IDENTIFIER = za.WeatherOrNot;
				PRODUCT_NAME = "$(TARGET_NAME)";
				SWIFT_EMIT_LOC_STRINGS = YES;
				SWIFT_VERSION = 5.0;
				TARGETED_DEVICE_FAMILY = "1,2";
			};
			name = Release;
		};
		598A03612A9F52820076B6DB /* Debug */ = {
			isa = XCBuildConfiguration;
			buildSettings = {
				ALWAYS_EMBED_SWIFT_STANDARD_LIBRARIES = YES;
				BUNDLE_LOADER = "$(TEST_HOST)";
				CODE_SIGN_STYLE = Automatic;
				CURRENT_PROJECT_VERSION = 1;
				GENERATE_INFOPLIST_FILE = YES;
				IPHONEOS_DEPLOYMENT_TARGET = 16.2;
				MARKETING_VERSION = 1.0;
				PRODUCT_BUNDLE_IDENTIFIER = za.WeatherOrNotTests;
				PRODUCT_NAME = "$(TARGET_NAME)";
				SWIFT_EMIT_LOC_STRINGS = NO;
				SWIFT_VERSION = 5.0;
				TARGETED_DEVICE_FAMILY = "1,2";
				TEST_HOST = "$(BUILT_PRODUCTS_DIR)/WeatherOrNot.app/$(BUNDLE_EXECUTABLE_FOLDER_PATH)/WeatherOrNot";
			};
			name = Debug;
		};
		598A03622A9F52820076B6DB /* Release */ = {
			isa = XCBuildConfiguration;
			buildSettings = {
				ALWAYS_EMBED_SWIFT_STANDARD_LIBRARIES = YES;
				BUNDLE_LOADER = "$(TEST_HOST)";
				CODE_SIGN_STYLE = Automatic;
				CURRENT_PROJECT_VERSION = 1;
				GENERATE_INFOPLIST_FILE = YES;
				IPHONEOS_DEPLOYMENT_TARGET = 16.2;
				MARKETING_VERSION = 1.0;
				PRODUCT_BUNDLE_IDENTIFIER = za.WeatherOrNotTests;
				PRODUCT_NAME = "$(TARGET_NAME)";
				SWIFT_EMIT_LOC_STRINGS = NO;
				SWIFT_VERSION = 5.0;
				TARGETED_DEVICE_FAMILY = "1,2";
				TEST_HOST = "$(BUILT_PRODUCTS_DIR)/WeatherOrNot.app/$(BUNDLE_EXECUTABLE_FOLDER_PATH)/WeatherOrNot";
			};
			name = Release;
		};
		598A03642A9F52820076B6DB /* Debug */ = {
			isa = XCBuildConfiguration;
			buildSettings = {
				ALWAYS_EMBED_SWIFT_STANDARD_LIBRARIES = YES;
				CODE_SIGN_STYLE = Automatic;
				CURRENT_PROJECT_VERSION = 1;
				GENERATE_INFOPLIST_FILE = YES;
				MARKETING_VERSION = 1.0;
				PRODUCT_BUNDLE_IDENTIFIER = za.WeatherOrNotUITests;
				PRODUCT_NAME = "$(TARGET_NAME)";
				SWIFT_EMIT_LOC_STRINGS = NO;
				SWIFT_VERSION = 5.0;
				TARGETED_DEVICE_FAMILY = "1,2";
				TEST_TARGET_NAME = WeatherOrNot;
			};
			name = Debug;
		};
		598A03652A9F52820076B6DB /* Release */ = {
			isa = XCBuildConfiguration;
			buildSettings = {
				ALWAYS_EMBED_SWIFT_STANDARD_LIBRARIES = YES;
				CODE_SIGN_STYLE = Automatic;
				CURRENT_PROJECT_VERSION = 1;
				GENERATE_INFOPLIST_FILE = YES;
				MARKETING_VERSION = 1.0;
				PRODUCT_BUNDLE_IDENTIFIER = za.WeatherOrNotUITests;
				PRODUCT_NAME = "$(TARGET_NAME)";
				SWIFT_EMIT_LOC_STRINGS = NO;
				SWIFT_VERSION = 5.0;
				TARGETED_DEVICE_FAMILY = "1,2";
				TEST_TARGET_NAME = WeatherOrNot;
			};
			name = Release;
		};
/* End XCBuildConfiguration section */

/* Begin XCConfigurationList section */
		598A032E2A9F52800076B6DB /* Build configuration list for PBXProject "WeatherOrNot" */ = {
			isa = XCConfigurationList;
			buildConfigurations = (
				598A035B2A9F52820076B6DB /* Debug */,
				598A035C2A9F52820076B6DB /* Release */,
			);
			defaultConfigurationIsVisible = 0;
			defaultConfigurationName = Release;
		};
		598A035D2A9F52820076B6DB /* Build configuration list for PBXNativeTarget "WeatherOrNot" */ = {
			isa = XCConfigurationList;
			buildConfigurations = (
				598A035E2A9F52820076B6DB /* Debug */,
				598A035F2A9F52820076B6DB /* Release */,
			);
			defaultConfigurationIsVisible = 0;
			defaultConfigurationName = Release;
		};
		598A03602A9F52820076B6DB /* Build configuration list for PBXNativeTarget "WeatherOrNotTests" */ = {
			isa = XCConfigurationList;
			buildConfigurations = (
				598A03612A9F52820076B6DB /* Debug */,
				598A03622A9F52820076B6DB /* Release */,
			);
			defaultConfigurationIsVisible = 0;
			defaultConfigurationName = Release;
		};
		598A03632A9F52820076B6DB /* Build configuration list for PBXNativeTarget "WeatherOrNotUITests" */ = {
			isa = XCConfigurationList;
			buildConfigurations = (
				598A03642A9F52820076B6DB /* Debug */,
				598A03652A9F52820076B6DB /* Release */,
			);
			defaultConfigurationIsVisible = 0;
			defaultConfigurationName = Release;
		};
/* End XCConfigurationList section */
	};
	rootObject = 598A032B2A9F52800076B6DB /* Project object */;
}
